// !$*UTF8*$!
{
	archiveVersion = 1;
	classes = {
	};
	objectVersion = 50;
	objects = {

/* Begin PBXBuildFile section */
		EE5C191E2677995500BA5077 /* Delm-Medium.otf in Resources */ = {isa = PBXBuildFile; fileRef = EE5C191D2677995500BA5077 /* Delm-Medium.otf */; };
		EE5C19212677995C00BA5077 /* ThirstySoftRegular.otf in Resources */ = {isa = PBXBuildFile; fileRef = EE5C19202677995C00BA5077 /* ThirstySoftRegular.otf */; };
		EE60232426670A19009E6C8E /* AppDelegate.swift in Sources */ = {isa = PBXBuildFile; fileRef = EE60232326670A19009E6C8E /* AppDelegate.swift */; };
		EE60232626670A19009E6C8E /* SceneDelegate.swift in Sources */ = {isa = PBXBuildFile; fileRef = EE60232526670A19009E6C8E /* SceneDelegate.swift */; };
		EE60232826670A19009E6C8E /* ViewController.swift in Sources */ = {isa = PBXBuildFile; fileRef = EE60232726670A19009E6C8E /* ViewController.swift */; };
		EE60232B26670A19009E6C8E /* Main.storyboard in Resources */ = {isa = PBXBuildFile; fileRef = EE60232926670A19009E6C8E /* Main.storyboard */; };
		EE60232D26670A1A009E6C8E /* Assets.xcassets in Resources */ = {isa = PBXBuildFile; fileRef = EE60232C26670A1A009E6C8E /* Assets.xcassets */; };
		EE60233026670A1A009E6C8E /* LaunchScreen.storyboard in Resources */ = {isa = PBXBuildFile; fileRef = EE60232E26670A1A009E6C8E /* LaunchScreen.storyboard */; };
		EEC2F139268A96D3003419FE /* GridView.swift in Sources */ = {isa = PBXBuildFile; fileRef = EEC2F138268A96D3003419FE /* GridView.swift */; };
/* End PBXBuildFile section */

/* Begin PBXFileReference section */
		EE5C191D2677995500BA5077 /* Delm-Medium.otf */ = {isa = PBXFileReference; lastKnownFileType = file; path = "Delm-Medium.otf"; sourceTree = "<group>"; };
		EE5C19202677995C00BA5077 /* ThirstySoftRegular.otf */ = {isa = PBXFileReference; lastKnownFileType = file; path = ThirstySoftRegular.otf; sourceTree = "<group>"; };
		EE60232026670A19009E6C8E /* instagrid.app */ = {isa = PBXFileReference; explicitFileType = wrapper.application; includeInIndex = 0; path = instagrid.app; sourceTree = BUILT_PRODUCTS_DIR; };
		EE60232326670A19009E6C8E /* AppDelegate.swift */ = {isa = PBXFileReference; lastKnownFileType = sourcecode.swift; path = AppDelegate.swift; sourceTree = "<group>"; };
		EE60232526670A19009E6C8E /* SceneDelegate.swift */ = {isa = PBXFileReference; lastKnownFileType = sourcecode.swift; path = SceneDelegate.swift; sourceTree = "<group>"; };
		EE60232726670A19009E6C8E /* ViewController.swift */ = {isa = PBXFileReference; lastKnownFileType = sourcecode.swift; path = ViewController.swift; sourceTree = "<group>"; };
		EE60232A26670A19009E6C8E /* Base */ = {isa = PBXFileReference; lastKnownFileType = file.storyboard; name = Base; path = Base.lproj/Main.storyboard; sourceTree = "<group>"; };
		EE60232C26670A1A009E6C8E /* Assets.xcassets */ = {isa = PBXFileReference; lastKnownFileType = folder.assetcatalog; path = Assets.xcassets; sourceTree = "<group>"; };
		EE60232F26670A1A009E6C8E /* Base */ = {isa = PBXFileReference; lastKnownFileType = file.storyboard; name = Base; path = Base.lproj/LaunchScreen.storyboard; sourceTree = "<group>"; };
		EE60233126670A1A009E6C8E /* Info.plist */ = {isa = PBXFileReference; lastKnownFileType = text.plist.xml; path = Info.plist; sourceTree = "<group>"; };
		EEC2F138268A96D3003419FE /* GridView.swift */ = {isa = PBXFileReference; lastKnownFileType = sourcecode.swift; path = GridView.swift; sourceTree = "<group>"; };
/* End PBXFileReference section */

/* Begin PBXFrameworksBuildPhase section */
		EE60231D26670A19009E6C8E /* Frameworks */ = {
			isa = PBXFrameworksBuildPhase;
			buildActionMask = 2147483647;
			files = (
			);
			runOnlyForDeploymentPostprocessing = 0;
		};
/* End PBXFrameworksBuildPhase section */

/* Begin PBXGroup section */
		EE60231726670A19009E6C8E = {
			isa = PBXGroup;
			children = (
				EE60232226670A19009E6C8E /* instagrid */,
				EE60232126670A19009E6C8E /* Products */,
			);
			sourceTree = "<group>";
		};
		EE60232126670A19009E6C8E /* Products */ = {
			isa = PBXGroup;
			children = (
				EE60232026670A19009E6C8E /* instagrid.app */,
			);
			name = Products;
			sourceTree = "<group>";
		};
		EE60232226670A19009E6C8E /* instagrid */ = {
			isa = PBXGroup;
			children = (
				EE9B59C6266FA7AF0022C442 /* Supporting Files */,
				EE9B59C4266FA76A0022C442 /* View */,
				EE9B59C5266FA7730022C442 /* Controller */,
			);
			path = instagrid;
			sourceTree = "<group>";
		};
		EE9B59C4266FA76A0022C442 /* View */ = {
			isa = PBXGroup;
			children = (
				EE60232926670A19009E6C8E /* Main.storyboard */,
				EEC2F138268A96D3003419FE /* GridView.swift */,
			);
			path = View;
			sourceTree = "<group>";
		};
		EE9B59C5266FA7730022C442 /* Controller */ = {
			isa = PBXGroup;
			children = (
				EE60232726670A19009E6C8E /* ViewController.swift */,
			);
			path = Controller;
			sourceTree = "<group>";
		};
		EE9B59C6266FA7AF0022C442 /* Supporting Files */ = {
			isa = PBXGroup;
			children = (
				EE60232526670A19009E6C8E /* SceneDelegate.swift */,
				EE60232326670A19009E6C8E /* AppDelegate.swift */,
				EE60232C26670A1A009E6C8E /* Assets.xcassets */,
				EE5C19202677995C00BA5077 /* ThirstySoftRegular.otf */,
				EE5C191D2677995500BA5077 /* Delm-Medium.otf */,
				EE60232E26670A1A009E6C8E /* LaunchScreen.storyboard */,
				EE60233126670A1A009E6C8E /* Info.plist */,
			);
			path = "Supporting Files";
			sourceTree = "<group>";
		};
/* End PBXGroup section */

/* Begin PBXNativeTarget section */
		EE60231F26670A19009E6C8E /* instagrid */ = {
			isa = PBXNativeTarget;
			buildConfigurationList = EE60233426670A1A009E6C8E /* Build configuration list for PBXNativeTarget "instagrid" */;
			buildPhases = (
				EE60231C26670A19009E6C8E /* Sources */,
				EE60231D26670A19009E6C8E /* Frameworks */,
				EE60231E26670A19009E6C8E /* Resources */,
			);
			buildRules = (
			);
			dependencies = (
			);
			name = instagrid;
			productName = instagrid;
			productReference = EE60232026670A19009E6C8E /* instagrid.app */;
			productType = "com.apple.product-type.application";
		};
/* End PBXNativeTarget section */

/* Begin PBXProject section */
		EE60231826670A19009E6C8E /* Project object */ = {
			isa = PBXProject;
			attributes = {
				LastSwiftUpdateCheck = 1240;
				LastUpgradeCheck = 1240;
				TargetAttributes = {
					EE60231F26670A19009E6C8E = {
						CreatedOnToolsVersion = 12.4;
					};
				};
			};
			buildConfigurationList = EE60231B26670A19009E6C8E /* Build configuration list for PBXProject "instagrid" */;
			compatibilityVersion = "Xcode 9.3";
			developmentRegion = en;
			hasScannedForEncodings = 0;
			knownRegions = (
				en,
				Base,
			);
			mainGroup = EE60231726670A19009E6C8E;
			productRefGroup = EE60232126670A19009E6C8E /* Products */;
			projectDirPath = "";
			projectRoot = "";
			targets = (
				EE60231F26670A19009E6C8E /* instagrid */,
			);
		};
/* End PBXProject section */

/* Begin PBXResourcesBuildPhase section */
		EE60231E26670A19009E6C8E /* Resources */ = {
			isa = PBXResourcesBuildPhase;
			buildActionMask = 2147483647;
			files = (
				EE60233026670A1A009E6C8E /* LaunchScreen.storyboard in Resources */,
				EE60232D26670A1A009E6C8E /* Assets.xcassets in Resources */,
				EE5C19212677995C00BA5077 /* ThirstySoftRegular.otf in Resources */,
				EE5C191E2677995500BA5077 /* Delm-Medium.otf in Resources */,
				EE60232B26670A19009E6C8E /* Main.storyboard in Resources */,
			);
			runOnlyForDeploymentPostprocessing = 0;
		};
/* End PBXResourcesBuildPhase section */

/* Begin PBXSourcesBuildPhase section */
		EE60231C26670A19009E6C8E /* Sources */ = {
			isa = PBXSourcesBuildPhase;
			buildActionMask = 2147483647;
			files = (
				EE60232826670A19009E6C8E /* ViewController.swift in Sources */,
				EE60232426670A19009E6C8E /* AppDelegate.swift in Sources */,
				EEC2F139268A96D3003419FE /* GridView.swift in Sources */,
				EE60232626670A19009E6C8E /* SceneDelegate.swift in Sources */,
			);
			runOnlyForDeploymentPostprocessing = 0;
		};
/* End PBXSourcesBuildPhase section */

/* Begin PBXVariantGroup section */
		EE60232926670A19009E6C8E /* Main.storyboard */ = {
			isa = PBXVariantGroup;
			children = (
				EE60232A26670A19009E6C8E /* Base */,
			);
			name = Main.storyboard;
			sourceTree = "<group>";
		};
		EE60232E26670A1A009E6C8E /* LaunchScreen.storyboard */ = {
			isa = PBXVariantGroup;
			children = (
				EE60232F26670A1A009E6C8E /* Base */,
			);
			name = LaunchScreen.storyboard;
			sourceTree = "<group>";
		};
/* End PBXVariantGroup section */

/* Begin XCBuildConfiguration section */
		EE60233226670A1A009E6C8E /* Debug */ = {
			isa = XCBuildConfiguration;
			buildSettings = {
				ALWAYS_SEARCH_USER_PATHS = NO;
				CLANG_ANALYZER_NONNULL = YES;
				CLANG_ANALYZER_NUMBER_OBJECT_CONVERSION = YES_AGGRESSIVE;
				CLANG_CXX_LANGUAGE_STANDARD = "gnu++14";
				CLANG_CXX_LIBRARY = "libc++";
				CLANG_ENABLE_MODULES = YES;
				CLANG_ENABLE_OBJC_ARC = YES;
				CLANG_ENABLE_OBJC_WEAK = YES;
				CLANG_WARN_BLOCK_CAPTURE_AUTORELEASING = YES;
				CLANG_WARN_BOOL_CONVERSION = YES;
				CLANG_WARN_COMMA = YES;
				CLANG_WARN_CONSTANT_CONVERSION = YES;
				CLANG_WARN_DEPRECATED_OBJC_IMPLEMENTATIONS = YES;
				CLANG_WARN_DIRECT_OBJC_ISA_USAGE = YES_ERROR;
				CLANG_WARN_DOCUMENTATION_COMMENTS = YES;
				CLANG_WARN_EMPTY_BODY = YES;
				CLANG_WARN_ENUM_CONVERSION = YES;
				CLANG_WARN_INFINITE_RECURSION = YES;
				CLANG_WARN_INT_CONVERSION = YES;
				CLANG_WARN_NON_LITERAL_NULL_CONVERSION = YES;
				CLANG_WARN_OBJC_IMPLICIT_RETAIN_SELF = YES;
				CLANG_WARN_OBJC_LITERAL_CONVERSION = YES;
				CLANG_WARN_OBJC_ROOT_CLASS = YES_ERROR;
				CLANG_WARN_QUOTED_INCLUDE_IN_FRAMEWORK_HEADER = YES;
				CLANG_WARN_RANGE_LOOP_ANALYSIS = YES;
				CLANG_WARN_STRICT_PROTOTYPES = YES;
				CLANG_WARN_SUSPICIOUS_MOVE = YES;
				CLANG_WARN_UNGUARDED_AVAILABILITY = YES_AGGRESSIVE;
				CLANG_WARN_UNREACHABLE_CODE = YES;
				CLANG_WARN__DUPLICATE_METHOD_MATCH = YES;
				COPY_PHASE_STRIP = NO;
				DEBUG_INFORMATION_FORMAT = dwarf;
				ENABLE_STRICT_OBJC_MSGSEND = YES;
				ENABLE_TESTABILITY = YES;
				GCC_C_LANGUAGE_STANDARD = gnu11;
				GCC_DYNAMIC_NO_PIC = NO;
				GCC_NO_COMMON_BLOCKS = YES;
				GCC_OPTIMIZATION_LEVEL = 0;
				GCC_PREPROCESSOR_DEFINITIONS = (
					"DEBUG=1",
					"$(inherited)",
				);
				GCC_WARN_64_TO_32_BIT_CONVERSION = YES;
				GCC_WARN_ABOUT_RETURN_TYPE = YES_ERROR;
				GCC_WARN_UNDECLARED_SELECTOR = YES;
				GCC_WARN_UNINITIALIZED_AUTOS = YES_AGGRESSIVE;
				GCC_WARN_UNUSED_FUNCTION = YES;
				GCC_WARN_UNUSED_VARIABLE = YES;
				IPHONEOS_DEPLOYMENT_TARGET = 14.4;
				MTL_ENABLE_DEBUG_INFO = INCLUDE_SOURCE;
				MTL_FAST_MATH = YES;
				ONLY_ACTIVE_ARCH = YES;
				SDKROOT = iphoneos;
				SWIFT_ACTIVE_COMPILATION_CONDITIONS = DEBUG;
				SWIFT_OPTIMIZATION_LEVEL = "-Onone";
			};
			name = Debug;
		};
		EE60233326670A1A009E6C8E /* Release */ = {
			isa = XCBuildConfiguration;
			buildSettings = {
				ALWAYS_SEARCH_USER_PATHS = NO;
				CLANG_ANALYZER_NONNULL = YES;
				CLANG_ANALYZER_NUMBER_OBJECT_CONVERSION = YES_AGGRESSIVE;
				CLANG_CXX_LANGUAGE_STANDARD = "gnu++14";
				CLANG_CXX_LIBRARY = "libc++";
				CLANG_ENABLE_MODULES = YES;
				CLANG_ENABLE_OBJC_ARC = YES;
				CLANG_ENABLE_OBJC_WEAK = YES;
				CLANG_WARN_BLOCK_CAPTURE_AUTORELEASING = YES;
				CLANG_WARN_BOOL_CONVERSION = YES;
				CLANG_WARN_COMMA = YES;
				CLANG_WARN_CONSTANT_CONVERSION = YES;
				CLANG_WARN_DEPRECATED_OBJC_IMPLEMENTATIONS = YES;
				CLANG_WARN_DIRECT_OBJC_ISA_USAGE = YES_ERROR;
				CLANG_WARN_DOCUMENTATION_COMMENTS = YES;
				CLANG_WARN_EMPTY_BODY = YES;
				CLANG_WARN_ENUM_CONVERSION = YES;
				CLANG_WARN_INFINITE_RECURSION = YES;
				CLANG_WARN_INT_CONVERSION = YES;
				CLANG_WARN_NON_LITERAL_NULL_CONVERSION = YES;
				CLANG_WARN_OBJC_IMPLICIT_RETAIN_SELF = YES;
				CLANG_WARN_OBJC_LITERAL_CONVERSION = YES;
				CLANG_WARN_OBJC_ROOT_CLASS = YES_ERROR;
				CLANG_WARN_QUOTED_INCLUDE_IN_FRAMEWORK_HEADER = YES;
				CLANG_WARN_RANGE_LOOP_ANALYSIS = YES;
				CLANG_WARN_STRICT_PROTOTYPES = YES;
				CLANG_WARN_SUSPICIOUS_MOVE = YES;
				CLANG_WARN_UNGUARDED_AVAILABILITY = YES_AGGRESSIVE;
				CLANG_WARN_UNREACHABLE_CODE = YES;
				CLANG_WARN__DUPLICATE_METHOD_MATCH = YES;
				COPY_PHASE_STRIP = NO;
				DEBUG_INFORMATION_FORMAT = "dwarf-with-dsym";
				ENABLE_NS_ASSERTIONS = NO;
				ENABLE_STRICT_OBJC_MSGSEND = YES;
				GCC_C_LANGUAGE_STANDARD = gnu11;
				GCC_NO_COMMON_BLOCKS = YES;
				GCC_WARN_64_TO_32_BIT_CONVERSION = YES;
				GCC_WARN_ABOUT_RETURN_TYPE = YES_ERROR;
				GCC_WARN_UNDECLARED_SELECTOR = YES;
				GCC_WARN_UNINITIALIZED_AUTOS = YES_AGGRESSIVE;
				GCC_WARN_UNUSED_FUNCTION = YES;
				GCC_WARN_UNUSED_VARIABLE = YES;
				IPHONEOS_DEPLOYMENT_TARGET = 14.4;
				MTL_ENABLE_DEBUG_INFO = NO;
				MTL_FAST_MATH = YES;
				SDKROOT = iphoneos;
				SWIFT_COMPILATION_MODE = wholemodule;
				SWIFT_OPTIMIZATION_LEVEL = "-O";
				VALIDATE_PRODUCT = YES;
			};
			name = Release;
		};
		EE60233526670A1A009E6C8E /* Debug */ = {
			isa = XCBuildConfiguration;
			buildSettings = {
				ASSETCATALOG_COMPILER_APPICON_NAME = AppIcon;
				ASSETCATALOG_COMPILER_GLOBAL_ACCENT_COLOR_NAME = AccentColor;
				CODE_SIGN_STYLE = Automatic;
				INFOPLIST_FILE = "$(SRCROOT)/instagrid/Supporting Files/Info.plist";
				LD_RUNPATH_SEARCH_PATHS = (
					"$(inherited)",
					"@executable_path/Frameworks",
				);
				PRODUCT_BUNDLE_IDENTIFIER = fr.bouredennanassir.instagrid;
				PRODUCT_NAME = "$(TARGET_NAME)";
				SWIFT_VERSION = 5.0;
				TARGETED_DEVICE_FAMILY = "1,2";
			};
			name = Debug;
		};
		EE60233626670A1A009E6C8E /* Release */ = {
			isa = XCBuildConfiguration;
			buildSettings = {
				ASSETCATALOG_COMPILER_APPICON_NAME = AppIcon;
				ASSETCATALOG_COMPILER_GLOBAL_ACCENT_COLOR_NAME = AccentColor;
				CODE_SIGN_STYLE = Automatic;
				INFOPLIST_FILE = "$(SRCROOT)/instagrid/Supporting Files/Info.plist";
				LD_RUNPATH_SEARCH_PATHS = (
					"$(inherited)",
					"@executable_path/Frameworks",
				);
				PRODUCT_BUNDLE_IDENTIFIER = fr.bouredennanassir.instagrid;
				PRODUCT_NAME = "$(TARGET_NAME)";
				SWIFT_VERSION = 5.0;
				TARGETED_DEVICE_FAMILY = "1,2";
			};
			name = Release;
		};
/* End XCBuildConfiguration section */

/* Begin XCConfigurationList section */
		EE60231B26670A19009E6C8E /* Build configuration list for PBXProject "instagrid" */ = {
			isa = XCConfigurationList;
			buildConfigurations = (
				EE60233226670A1A009E6C8E /* Debug */,
				EE60233326670A1A009E6C8E /* Release */,
			);
			defaultConfigurationIsVisible = 0;
			defaultConfigurationName = Release;
		};
		EE60233426670A1A009E6C8E /* Build configuration list for PBXNativeTarget "instagrid" */ = {
			isa = XCConfigurationList;
			buildConfigurations = (
				EE60233526670A1A009E6C8E /* Debug */,
				EE60233626670A1A009E6C8E /* Release */,
			);
			defaultConfigurationIsVisible = 0;
			defaultConfigurationName = Release;
		};
/* End XCConfigurationList section */
	};
	rootObject = EE60231826670A19009E6C8E /* Project object */;
}
